<?xml version="1.0" encoding="utf-8"?>
<Project ToolsVersion="4.0" xmlns="http://schemas.microsoft.com/developer/msbuild/2003">
  <ItemGroup>
    <Filter Include="Config">
      <UniqueIdentifier>{4bfe64d0-3f37-4574-82e6-fd93a66fe2cb}</UniqueIdentifier>
    </Filter>
    <Filter Include="Hack">
      <UniqueIdentifier>{da1577ff-47ff-4846-b749-6cc6cf09ca4f}</UniqueIdentifier>
    </Filter>
    <Filter Include="Helpers">
      <UniqueIdentifier>{54c94eaa-6568-406c-83c7-e1b9926ca3e6}</UniqueIdentifier>
    </Filter>
    <Filter Include="Init">
      <UniqueIdentifier>{466aaf18-0d4e-47d9-8978-54e7a5d7fbae}</UniqueIdentifier>
    </Filter>
    <Filter Include="Offsets">
      <UniqueIdentifier>{d2247f70-d59b-4539-bfb0-a0249c54843c}</UniqueIdentifier>
    </Filter>
    <Filter Include="Hook">
      <UniqueIdentifier>{c172dff8-46b4-4429-bbfb-156f0653bef2}</UniqueIdentifier>
    </Filter>
    <Filter Include="Drawing">
      <UniqueIdentifier>{493b8568-8294-4136-bd26-139a0c5766ad}</UniqueIdentifier>
    </Filter>
    <Filter Include="Menu">
      <UniqueIdentifier>{06e06d52-a038-46b8-b31e-e3d14e567983}</UniqueIdentifier>
    </Filter>
    <Filter Include="Menu\Imgui">
      <UniqueIdentifier>{12664d78-bc2a-4b45-ab75-674e1c94bc1d}</UniqueIdentifier>
    </Filter>
  </ItemGroup>
  <ItemGroup>
    <ClCompile Include="config.cpp">
      <Filter>Config</Filter>
    </ClCompile>
    <ClCompile Include="hack.cpp">
      <Filter>Hack</Filter>
    </ClCompile>
    <ClCompile Include="helpers.cpp">
      <Filter>Helpers</Filter>
    </ClCompile>
    <ClCompile Include="init.cpp">
      <Filter>Init</Filter>
    </ClCompile>
    <ClCompile Include="offsets.cpp">
      <Filter>Offsets</Filter>
    </ClCompile>
    <ClCompile Include="dllmain.cpp">
      <Filter>Hack</Filter>
    </ClCompile>
    <ClCompile Include="hook.cpp">
      <Filter>Hook</Filter>
    </ClCompile>
    <ClCompile Include="drawing.cpp">
      <Filter>Drawing</Filter>
    </ClCompile>
    <ClCompile Include="menu.cpp">
      <Filter>Menu</Filter>
    </ClCompile>
    <ClCompile Include="Imgui\imgui.cpp">
      <Filter>Menu\Imgui</Filter>
    </ClCompile>
    <ClCompile Include="Imgui\imgui_demo.cpp">
      <Filter>Menu\Imgui</Filter>
    </ClCompile>
    <ClCompile Include="Imgui\imgui_draw.cpp">
      <Filter>Menu\Imgui</Filter>
    </ClCompile>
    <ClCompile Include="Imgui\imgui_impl_opengl2.cpp">
      <Filter>Menu\Imgui</Filter>
    </ClCompile>
    <ClCompile Include="Imgui\imgui_impl_win32.cpp">
      <Filter>Menu\Imgui</Filter>
    </ClCompile>
    <ClCompile Include="Imgui\imgui_widgets.cpp">
      <Filter>Menu\Imgui</Filter>
    </ClCompile>
  </ItemGroup>
  <ItemGroup>
    <ClInclude Include="config.h">
      <Filter>Config</Filter>
    </ClInclude>
    <ClInclude Include="hack.h">
      <Filter>Hack</Filter>
    </ClInclude>
    <ClInclude Include="helpers.h">
      <Filter>Helpers</Filter>
    </ClInclude>
    <ClInclude Include="init.h">
      <Filter>Init</Filter>
    </ClInclude>
    <ClInclude Include="offsets.h">
      <Filter>Offsets</Filter>
    </ClInclude>
    <ClInclude Include="hook.h">
      <Filter>Hook</Filter>
    </ClInclude>
    <ClInclude Include="drawing.h">
      <Filter>Drawing</Filter>
    </ClInclude>
    <ClInclude Include="menu.h">
      <Filter>Menu</Filter>
    </ClInclude>
    <ClInclude Include="Imgui\imconfig.h">
      <Filter>Menu\Imgui</Filter>
    </ClInclude>
    <ClInclude Include="Imgui\imgui.h">
      <Filter>Menu\Imgui</Filter>
    </ClInclude>
    <ClInclude Include="Imgui\imgui_impl_opengl2.h">
      <Filter>Menu\Imgui</Filter>
    </ClInclude>
    <ClInclude Include="Imgui\imgui_impl_win32.h">
      <Filter>Menu\Imgui</Filter>
    </ClInclude>
    <ClInclude Include="Imgui\imgui_internal.h">
      <Filter>Menu\Imgui</Filter>
    </ClInclude>
    <ClInclude Include="Imgui\imstb_rectpack.h">
      <Filter>Menu\Imgui</Filter>
    </ClInclude>
    <ClInclude Include="Imgui\imstb_textedit.h">
      <Filter>Menu\Imgui</Filter>
    </ClInclude>
    <ClInclude Include="Imgui\imstb_truetype.h">
      <Filter>Menu\Imgui</Filter>
    </ClInclude>
  </ItemGroup>
</Project>